
Microsoft Visual Studio Solution File, Format Version 12.00
# Visual Studio Version 17
VisualStudioVersion = 17.13.35825.156
MinimumVisualStudioVersion = 10.0.40219.1
Project("{FAE04EC0-301F-11D3-BF4B-00C04F79EFBC}") = "Oduca_Warren_Bernard_GUI", "Oduca_Warren_Bernard_GUI.csproj", "{6124EA23-0306-47F5-B410-2601DC313AC5}"
EndProject
Global
	GlobalSection(SolutionConfigurationPlatforms) = preSolution
		Debug|Any CPU = Debug|Any CPU
		Release|Any CPU = Release|Any CPU
	EndGlobalSection
	GlobalSection(ProjectConfigurationPlatforms) = postSolution
		{6124EA23-0306-47F5-B410-2601DC313AC5}.Debug|Any CPU.ActiveCfg = Debug|Any CPU
		{6124EA23-0306-47F5-B410-2601DC313AC5}.Debug|Any CPU.Build.0 = Debug|Any CPU
		{6124EA23-0306-47F5-B410-2601DC313AC5}.Release|Any CPU.ActiveCfg = Release|Any CPU
		{6124EA23-0306-47F5-B410-2601DC313AC5}.Release|Any CPU.Build.0 = Release|Any CPU
	EndGlobalSection
	GlobalSection(SolutionProperties) = preSolution
		HideSolutionNode = FALSE
	EndGlobalSection
	GlobalSection(ExtensibilityGlobals) = postSolution
		SolutionGuid = {4DC2DB9A-D12E-4BF2-9E31-1161E0F2A028}
	EndGlobalSection
EndGlobal
